// !$*UTF8*$!
{
	archiveVersion = 1;
	classes = {
	};
	objectVersion = 77;
	objects = {

/* Begin PBXContainerItemProxy section */
		51DB01F82D8E98760013E76B /* PBXContainerItemProxy */ = {
			isa = PBXContainerItemProxy;
			containerPortal = 51DB01DE2D8E98730013E76B /* Project object */;
			proxyType = 1;
			remoteGlobalIDString = 51DB01E52D8E98730013E76B;
			remoteInfo = 2nd_hw_JooHyunah;
		};
		51DB02022D8E98760013E76B /* PBXContainerItemProxy */ = {
			isa = PBXContainerItemProxy;
			containerPortal = 51DB01DE2D8E98730013E76B /* Project object */;
			proxyType = 1;
			remoteGlobalIDString = 51DB01E52D8E98730013E76B;
			remoteInfo = 2nd_hw_JooHyunah;
		};
/* End PBXContainerItemProxy section */

/* Begin PBXFileReference section */
		51DB01E62D8E98730013E76B /* 2nd_hw_JooHyunah.app */ = {isa = PBXFileReference; explicitFileType = wrapper.application; includeInIndex = 0; path = 2nd_hw_JooHyunah.app; sourceTree = BUILT_PRODUCTS_DIR; };
		51DB01F72D8E98760013E76B /* 2nd_hw_JooHyunahTests.xctest */ = {isa = PBXFileReference; explicitFileType = wrapper.cfbundle; includeInIndex = 0; path = 2nd_hw_JooHyunahTests.xctest; sourceTree = BUILT_PRODUCTS_DIR; };
		51DB02012D8E98760013E76B /* 2nd_hw_JooHyunahUITests.xctest */ = {isa = PBXFileReference; explicitFileType = wrapper.cfbundle; includeInIndex = 0; path = 2nd_hw_JooHyunahUITests.xctest; sourceTree = BUILT_PRODUCTS_DIR; };
/* End PBXFileReference section */

/* Begin PBXFileSystemSynchronizedRootGroup section */
		51DB01E82D8E98730013E76B /* 2nd_hw_JooHyunah */ = {
			isa = PBXFileSystemSynchronizedRootGroup;
			path = 2nd_hw_JooHyunah;
			sourceTree = "<group>";
		};
		51DB01FA2D8E98760013E76B /* 2nd_hw_JooHyunahTests */ = {
			isa = PBXFileSystemSynchronizedRootGroup;
			path = 2nd_hw_JooHyunahTests;
			sourceTree = "<group>";
		};
		51DB02042D8E98760013E76B /* 2nd_hw_JooHyunahUITests */ = {
			isa = PBXFileSystemSynchronizedRootGroup;
			path = 2nd_hw_JooHyunahUITests;
			sourceTree = "<group>";
		};
/* End PBXFileSystemSynchronizedRootGroup section */

/* Begin PBXFrameworksBuildPhase section */
		51DB01E32D8E98730013E76B /* Frameworks */ = {
			isa = PBXFrameworksBuildPhase;
			buildActionMask = 2147483647;
			files = (
			);
			runOnlyForDeploymentPostprocessing = 0;
		};
		51DB01F42D8E98760013E76B /* Frameworks */ = {
			isa = PBXFrameworksBuildPhase;
			buildActionMask = 2147483647;
			files = (
			);
			runOnlyForDeploymentPostprocessing = 0;
		};
		51DB01FE2D8E98760013E76B /* Frameworks */ = {
			isa = PBXFrameworksBuildPhase;
			buildActionMask = 2147483647;
			files = (
			);
			runOnlyForDeploymentPostprocessing = 0;
		};
/* End PBXFrameworksBuildPhase section */

/* Begin PBXGroup section */
		51DB01DD2D8E98730013E76B = {
			isa = PBXGroup;
			children = (
				51DB01E82D8E98730013E76B /* 2nd_hw_JooHyunah */,
				51DB01FA2D8E98760013E76B /* 2nd_hw_JooHyunahTests */,
				51DB02042D8E98760013E76B /* 2nd_hw_JooHyunahUITests */,
				51DB01E72D8E98730013E76B /* Products */,
			);
			sourceTree = "<group>";
		};
		51DB01E72D8E98730013E76B /* Products */ = {
			isa = PBXGroup;
			children = (
				51DB01E62D8E98730013E76B /* 2nd_hw_JooHyunah.app */,
				51DB01F72D8E98760013E76B /* 2nd_hw_JooHyunahTests.xctest */,
				51DB02012D8E98760013E76B /* 2nd_hw_JooHyunahUITests.xctest */,
			);
			name = Products;
			sourceTree = "<group>";
		};
/* End PBXGroup section */

/* Begin PBXNativeTarget section */
		51DB01E52D8E98730013E76B /* 2nd_hw_JooHyunah */ = {
			isa = PBXNativeTarget;
			buildConfigurationList = 51DB020B2D8E98760013E76B /* Build configuration list for PBXNativeTarget "2nd_hw_JooHyunah" */;
			buildPhases = (
				51DB01E22D8E98730013E76B /* Sources */,
				51DB01E32D8E98730013E76B /* Frameworks */,
				51DB01E42D8E98730013E76B /* Resources */,
			);
			buildRules = (
			);
			dependencies = (
			);
			fileSystemSynchronizedGroups = (
				51DB01E82D8E98730013E76B /* 2nd_hw_JooHyunah */,
			);
			name = 2nd_hw_JooHyunah;
			packageProductDependencies = (
			);
			productName = 2nd_hw_JooHyunah;
			productReference = 51DB01E62D8E98730013E76B /* 2nd_hw_JooHyunah.app */;
			productType = "com.apple.product-type.application";
		};
		51DB01F62D8E98760013E76B /* 2nd_hw_JooHyunahTests */ = {
			isa = PBXNativeTarget;
			buildConfigurationList = 51DB020E2D8E98760013E76B /* Build configuration list for PBXNativeTarget "2nd_hw_JooHyunahTests" */;
			buildPhases = (
				51DB01F32D8E98760013E76B /* Sources */,
				51DB01F42D8E98760013E76B /* Frameworks */,
				51DB01F52D8E98760013E76B /* Resources */,
			);
			buildRules = (
			);
			dependencies = (
				51DB01F92D8E98760013E76B /* PBXTargetDependency */,
			);
			fileSystemSynchronizedGroups = (
				51DB01FA2D8E98760013E76B /* 2nd_hw_JooHyunahTests */,
			);
			name = 2nd_hw_JooHyunahTests;
			packageProductDependencies = (
			);
			productName = 2nd_hw_JooHyunahTests;
			productReference = 51DB01F72D8E98760013E76B /* 2nd_hw_JooHyunahTests.xctest */;
			productType = "com.apple.product-type.bundle.unit-test";
		};
		51DB02002D8E98760013E76B /* 2nd_hw_JooHyunahUITests */ = {
			isa = PBXNativeTarget;
			buildConfigurationList = 51DB02112D8E98760013E76B /* Build configuration list for PBXNativeTarget "2nd_hw_JooHyunahUITests" */;
			buildPhases = (
				51DB01FD2D8E98760013E76B /* Sources */,
				51DB01FE2D8E98760013E76B /* Frameworks */,
				51DB01FF2D8E98760013E76B /* Resources */,
			);
			buildRules = (
			);
			dependencies = (
				51DB02032D8E98760013E76B /* PBXTargetDependency */,
			);
			fileSystemSynchronizedGroups = (
				51DB02042D8E98760013E76B /* 2nd_hw_JooHyunahUITests */,
			);
			name = 2nd_hw_JooHyunahUITests;
			packageProductDependencies = (
			);
			productName = 2nd_hw_JooHyunahUITests;
			productReference = 51DB02012D8E98760013E76B /* 2nd_hw_JooHyunahUITests.xctest */;
			productType = "com.apple.product-type.bundle.ui-testing";
		};
/* End PBXNativeTarget section */

/* Begin PBXProject section */
		51DB01DE2D8E98730013E76B /* Project object */ = {
			isa = PBXProject;
			attributes = {
				BuildIndependentTargetsInParallel = 1;
				LastSwiftUpdateCheck = 1620;
				LastUpgradeCheck = 1620;
				TargetAttributes = {
					51DB01E52D8E98730013E76B = {
						CreatedOnToolsVersion = 16.2;
					};
					51DB01F62D8E98760013E76B = {
						CreatedOnToolsVersion = 16.2;
						TestTargetID = 51DB01E52D8E98730013E76B;
					};
					51DB02002D8E98760013E76B = {
						CreatedOnToolsVersion = 16.2;
						TestTargetID = 51DB01E52D8E98730013E76B;
					};
				};
			};
			buildConfigurationList = 51DB01E12D8E98730013E76B /* Build configuration list for PBXProject "2nd_hw_JooHyunah" */;
			developmentRegion = en;
			hasScannedForEncodings = 0;
			knownRegions = (
				en,
				Base,
			);
			mainGroup = 51DB01DD2D8E98730013E76B;
			minimizedProjectReferenceProxies = 1;
			preferredProjectObjectVersion = 77;
			productRefGroup = 51DB01E72D8E98730013E76B /* Products */;
			projectDirPath = "";
			projectRoot = "";
			targets = (
				51DB01E52D8E98730013E76B /* 2nd_hw_JooHyunah */,
				51DB01F62D8E98760013E76B /* 2nd_hw_JooHyunahTests */,
				51DB02002D8E98760013E76B /* 2nd_hw_JooHyunahUITests */,
			);
		};
/* End PBXProject section */

/* Begin PBXResourcesBuildPhase section */
		51DB01E42D8E98730013E76B /* Resources */ = {
			isa = PBXResourcesBuildPhase;
			buildActionMask = 2147483647;
			files = (
			);
			runOnlyForDeploymentPostprocessing = 0;
		};
		51DB01F52D8E98760013E76B /* Resources */ = {
			isa = PBXResourcesBuildPhase;
			buildActionMask = 2147483647;
			files = (
			);
			runOnlyForDeploymentPostprocessing = 0;
		};
		51DB01FF2D8E98760013E76B /* Resources */ = {
			isa = PBXResourcesBuildPhase;
			buildActionMask = 2147483647;
			files = (
			);
			runOnlyForDeploymentPostprocessing = 0;
		};
/* End PBXResourcesBuildPhase section */

/* Begin PBXSourcesBuildPhase section */
		51DB01E22D8E98730013E76B /* Sources */ = {
			isa = PBXSourcesBuildPhase;
			buildActionMask = 2147483647;
			files = (
			);
			runOnlyForDeploymentPostprocessing = 0;
		};
		51DB01F32D8E98760013E76B /* Sources */ = {
			isa = PBXSourcesBuildPhase;
			buildActionMask = 2147483647;
			files = (
			);
			runOnlyForDeploymentPostprocessing = 0;
		};
		51DB01FD2D8E98760013E76B /* Sources */ = {
			isa = PBXSourcesBuildPhase;
			buildActionMask = 2147483647;
			files = (
			);
			runOnlyForDeploymentPostprocessing = 0;
		};
/* End PBXSourcesBuildPhase section */

/* Begin PBXTargetDependency section */
		51DB01F92D8E98760013E76B /* PBXTargetDependency */ = {
			isa = PBXTargetDependency;
			target = 51DB01E52D8E98730013E76B /* 2nd_hw_JooHyunah */;
			targetProxy = 51DB01F82D8E98760013E76B /* PBXContainerItemProxy */;
		};
		51DB02032D8E98760013E76B /* PBXTargetDependency */ = {
			isa = PBXTargetDependency;
			target = 51DB01E52D8E98730013E76B /* 2nd_hw_JooHyunah */;
			targetProxy = 51DB02022D8E98760013E76B /* PBXContainerItemProxy */;
		};
/* End PBXTargetDependency section */

/* Begin XCBuildConfiguration section */
		51DB02092D8E98760013E76B /* Debug */ = {
			isa = XCBuildConfiguration;
			buildSettings = {
				ALWAYS_SEARCH_USER_PATHS = NO;
				ASSETCATALOG_COMPILER_GENERATE_SWIFT_ASSET_SYMBOL_EXTENSIONS = YES;
				CLANG_ANALYZER_NONNULL = YES;
				CLANG_ANALYZER_NUMBER_OBJECT_CONVERSION = YES_AGGRESSIVE;
				CLANG_CXX_LANGUAGE_STANDARD = "gnu++20";
				CLANG_ENABLE_MODULES = YES;
				CLANG_ENABLE_OBJC_ARC = YES;
				CLANG_ENABLE_OBJC_WEAK = YES;
				CLANG_WARN_BLOCK_CAPTURE_AUTORELEASING = YES;
				CLANG_WARN_BOOL_CONVERSION = YES;
				CLANG_WARN_COMMA = YES;
				CLANG_WARN_CONSTANT_CONVERSION = YES;
				CLANG_WARN_DEPRECATED_OBJC_IMPLEMENTATIONS = YES;
				CLANG_WARN_DIRECT_OBJC_ISA_USAGE = YES_ERROR;
				CLANG_WARN_DOCUMENTATION_COMMENTS = YES;
				CLANG_WARN_EMPTY_BODY = YES;
				CLANG_WARN_ENUM_CONVERSION = YES;
				CLANG_WARN_INFINITE_RECURSION = YES;
				CLANG_WARN_INT_CONVERSION = YES;
				CLANG_WARN_NON_LITERAL_NULL_CONVERSION = YES;
				CLANG_WARN_OBJC_IMPLICIT_RETAIN_SELF = YES;
				CLANG_WARN_OBJC_LITERAL_CONVERSION = YES;
				CLANG_WARN_OBJC_ROOT_CLASS = YES_ERROR;
				CLANG_WARN_QUOTED_INCLUDE_IN_FRAMEWORK_HEADER = YES;
				CLANG_WARN_RANGE_LOOP_ANALYSIS = YES;
				CLANG_WARN_STRICT_PROTOTYPES = YES;
				CLANG_WARN_SUSPICIOUS_MOVE = YES;
				CLANG_WARN_UNGUARDED_AVAILABILITY = YES_AGGRESSIVE;
				CLANG_WARN_UNREACHABLE_CODE = YES;
				CLANG_WARN__DUPLICATE_METHOD_MATCH = YES;
				COPY_PHASE_STRIP = NO;
				DEBUG_INFORMATION_FORMAT = dwarf;
				ENABLE_STRICT_OBJC_MSGSEND = YES;
				ENABLE_TESTABILITY = YES;
				ENABLE_USER_SCRIPT_SANDBOXING = YES;
				GCC_C_LANGUAGE_STANDARD = gnu17;
				GCC_DYNAMIC_NO_PIC = NO;
				GCC_NO_COMMON_BLOCKS = YES;
				GCC_OPTIMIZATION_LEVEL = 0;
				GCC_PREPROCESSOR_DEFINITIONS = (
					"DEBUG=1",
					"$(inherited)",
				);
				GCC_WARN_64_TO_32_BIT_CONVERSION = YES;
				GCC_WARN_ABOUT_RETURN_TYPE = YES_ERROR;
				GCC_WARN_UNDECLARED_SELECTOR = YES;
				GCC_WARN_UNINITIALIZED_AUTOS = YES_AGGRESSIVE;
				GCC_WARN_UNUSED_FUNCTION = YES;
				GCC_WARN_UNUSED_VARIABLE = YES;
				LOCALIZATION_PREFERS_STRING_CATALOGS = YES;
				MTL_ENABLE_DEBUG_INFO = INCLUDE_SOURCE;
				MTL_FAST_MATH = YES;
				ONLY_ACTIVE_ARCH = YES;
				SWIFT_ACTIVE_COMPILATION_CONDITIONS = "DEBUG $(inherited)";
				SWIFT_OPTIMIZATION_LEVEL = "-Onone";
			};
			name = Debug;
		};
		51DB020A2D8E98760013E76B /* Release */ = {
			isa = XCBuildConfiguration;
			buildSettings = {
				ALWAYS_SEARCH_USER_PATHS = NO;
				ASSETCATALOG_COMPILER_GENERATE_SWIFT_ASSET_SYMBOL_EXTENSIONS = YES;
				CLANG_ANALYZER_NONNULL = YES;
				CLANG_ANALYZER_NUMBER_OBJECT_CONVERSION = YES_AGGRESSIVE;
				CLANG_CXX_LANGUAGE_STANDARD = "gnu++20";
				CLANG_ENABLE_MODULES = YES;
				CLANG_ENABLE_OBJC_ARC = YES;
				CLANG_ENABLE_OBJC_WEAK = YES;
				CLANG_WARN_BLOCK_CAPTURE_AUTORELEASING = YES;
				CLANG_WARN_BOOL_CONVERSION = YES;
				CLANG_WARN_COMMA = YES;
				CLANG_WARN_CONSTANT_CONVERSION = YES;
				CLANG_WARN_DEPRECATED_OBJC_IMPLEMENTATIONS = YES;
				CLANG_WARN_DIRECT_OBJC_ISA_USAGE = YES_ERROR;
				CLANG_WARN_DOCUMENTATION_COMMENTS = YES;
				CLANG_WARN_EMPTY_BODY = YES;
				CLANG_WARN_ENUM_CONVERSION = YES;
				CLANG_WARN_INFINITE_RECURSION = YES;
				CLANG_WARN_INT_CONVERSION = YES;
				CLANG_WARN_NON_LITERAL_NULL_CONVERSION = YES;
				CLANG_WARN_OBJC_IMPLICIT_RETAIN_SELF = YES;
				CLANG_WARN_OBJC_LITERAL_CONVERSION = YES;
				CLANG_WARN_OBJC_ROOT_CLASS = YES_ERROR;
				CLANG_WARN_QUOTED_INCLUDE_IN_FRAMEWORK_HEADER = YES;
				CLANG_WARN_RANGE_LOOP_ANALYSIS = YES;
				CLANG_WARN_STRICT_PROTOTYPES = YES;
				CLANG_WARN_SUSPICIOUS_MOVE = YES;
				CLANG_WARN_UNGUARDED_AVAILABILITY = YES_AGGRESSIVE;
				CLANG_WARN_UNREACHABLE_CODE = YES;
				CLANG_WARN__DUPLICATE_METHOD_MATCH = YES;
				COPY_PHASE_STRIP = NO;
				DEBUG_INFORMATION_FORMAT = "dwarf-with-dsym";
				ENABLE_NS_ASSERTIONS = NO;
				ENABLE_STRICT_OBJC_MSGSEND = YES;
				ENABLE_USER_SCRIPT_SANDBOXING = YES;
				GCC_C_LANGUAGE_STANDARD = gnu17;
				GCC_NO_COMMON_BLOCKS = YES;
				GCC_WARN_64_TO_32_BIT_CONVERSION = YES;
				GCC_WARN_ABOUT_RETURN_TYPE = YES_ERROR;
				GCC_WARN_UNDECLARED_SELECTOR = YES;
				GCC_WARN_UNINITIALIZED_AUTOS = YES_AGGRESSIVE;
				GCC_WARN_UNUSED_FUNCTION = YES;
				GCC_WARN_UNUSED_VARIABLE = YES;
				LOCALIZATION_PREFERS_STRING_CATALOGS = YES;
				MTL_ENABLE_DEBUG_INFO = NO;
				MTL_FAST_MATH = YES;
				SWIFT_COMPILATION_MODE = wholemodule;
			};
			name = Release;
		};
		51DB020C2D8E98760013E76B /* Debug */ = {
			isa = XCBuildConfiguration;
			buildSettings = {
				ASSETCATALOG_COMPILER_APPICON_NAME = AppIcon;
				ASSETCATALOG_COMPILER_GLOBAL_ACCENT_COLOR_NAME = AccentColor;
				CODE_SIGN_ENTITLEMENTS = 2nd_hw_JooHyunah/_nd_hw_JooHyunah.entitlements;
				CODE_SIGN_STYLE = Automatic;
				CURRENT_PROJECT_VERSION = 1;
				DEVELOPMENT_ASSET_PATHS = "\"2nd_hw_JooHyunah/Preview Content\"";
				DEVELOPMENT_TEAM = Y3K5YN672B;
				ENABLE_HARDENED_RUNTIME = YES;
				ENABLE_PREVIEWS = YES;
				GENERATE_INFOPLIST_FILE = YES;
				"INFOPLIST_KEY_UIApplicationSceneManifest_Generation[sdk=iphoneos*]" = YES;
				"INFOPLIST_KEY_UIApplicationSceneManifest_Generation[sdk=iphonesimulator*]" = YES;
				"INFOPLIST_KEY_UIApplicationSupportsIndirectInputEvents[sdk=iphoneos*]" = YES;
				"INFOPLIST_KEY_UIApplicationSupportsIndirectInputEvents[sdk=iphonesimulator*]" = YES;
				"INFOPLIST_KEY_UILaunchScreen_Generation[sdk=iphoneos*]" = YES;
				"INFOPLIST_KEY_UILaunchScreen_Generation[sdk=iphonesimulator*]" = YES;
				"INFOPLIST_KEY_UIStatusBarStyle[sdk=iphoneos*]" = UIStatusBarStyleDefault;
				"INFOPLIST_KEY_UIStatusBarStyle[sdk=iphonesimulator*]" = UIStatusBarStyleDefault;
				INFOPLIST_KEY_UISupportedInterfaceOrientations_iPad = "UIInterfaceOrientationPortrait UIInterfaceOrientationPortraitUpsideDown UIInterfaceOrientationLandscapeLeft UIInterfaceOrientationLandscapeRight";
				INFOPLIST_KEY_UISupportedInterfaceOrientations_iPhone = "UIInterfaceOrientationPortrait UIInterfaceOrientationLandscapeLeft UIInterfaceOrientationLandscapeRight";
				IPHONEOS_DEPLOYMENT_TARGET = 18.2;
				LD_RUNPATH_SEARCH_PATHS = "@executable_path/Frameworks";
				"LD_RUNPATH_SEARCH_PATHS[sdk=macosx*]" = "@executable_path/../Frameworks";
				MACOSX_DEPLOYMENT_TARGET = 15.2;
				MARKETING_VERSION = 1.0;
				PRODUCT_BUNDLE_IDENTIFIER = "com.hyunah.-nd-hw-JooHyunah";
				PRODUCT_NAME = "$(TARGET_NAME)";
				SDKROOT = auto;
				SUPPORTED_PLATFORMS = "iphoneos iphonesimulator macosx xros xrsimulator";
				SWIFT_EMIT_LOC_STRINGS = YES;
				SWIFT_VERSION = 5.0;
				TARGETED_DEVICE_FAMILY = "1,2,7";
				XROS_DEPLOYMENT_TARGET = 2.2;
			};
			name = Debug;
		};
		51DB020D2D8E98760013E76B /* Release */ = {
			isa = XCBuildConfiguration;
			buildSettings = {
				ASSETCATALOG_COMPILER_APPICON_NAME = AppIcon;
				ASSETCATALOG_COMPILER_GLOBAL_ACCENT_COLOR_NAME = AccentColor;
				CODE_SIGN_ENTITLEMENTS = 2nd_hw_JooHyunah/_nd_hw_JooHyunah.entitlements;
				CODE_SIGN_STYLE = Automatic;
				CURRENT_PROJECT_VERSION = 1;
				DEVELOPMENT_ASSET_PATHS = "\"2nd_hw_JooHyunah/Preview Content\"";
				DEVELOPMENT_TEAM = Y3K5YN672B;
				ENABLE_HARDENED_RUNTIME = YES;
				ENABLE_PREVIEWS = YES;
				GENERATE_INFOPLIST_FILE = YES;
				"INFOPLIST_KEY_UIApplicationSceneManifest_Generation[sdk=iphoneos*]" = YES;
				"INFOPLIST_KEY_UIApplicationSceneManifest_Generation[sdk=iphonesimulator*]" = YES;
				"INFOPLIST_KEY_UIApplicationSupportsIndirectInputEvents[sdk=iphoneos*]" = YES;
				"INFOPLIST_KEY_UIApplicationSupportsIndirectInputEvents[sdk=iphonesimulator*]" = YES;
				"INFOPLIST_KEY_UILaunchScreen_Generation[sdk=iphoneos*]" = YES;
				"INFOPLIST_KEY_UILaunchScreen_Generation[sdk=iphonesimulator*]" = YES;
				"INFOPLIST_KEY_UIStatusBarStyle[sdk=iphoneos*]" = UIStatusBarStyleDefault;
				"INFOPLIST_KEY_UIStatusBarStyle[sdk=iphonesimulator*]" = UIStatusBarStyleDefault;
				INFOPLIST_KEY_UISupportedInterfaceOrientations_iPad = "UIInterfaceOrientationPortrait UIInterfaceOrientationPortraitUpsideDown UIInterfaceOrientationLandscapeLeft UIInterfaceOrientationLandscapeRight";
				INFOPLIST_KEY_UISupportedInterfaceOrientations_iPhone = "UIInterfaceOrientationPortrait UIInterfaceOrientationLandscapeLeft UIInterfaceOrientationLandscapeRight";
				IPHONEOS_DEPLOYMENT_TARGET = 18.2;
				LD_RUNPATH_SEARCH_PATHS = "@executable_path/Frameworks";
				"LD_RUNPATH_SEARCH_PATHS[sdk=macosx*]" = "@executable_path/../Frameworks";
				MACOSX_DEPLOYMENT_TARGET = 15.2;
				MARKETING_VERSION = 1.0;
				PRODUCT_BUNDLE_IDENTIFIER = "com.hyunah.-nd-hw-JooHyunah";
				PRODUCT_NAME = "$(TARGET_NAME)";
				SDKROOT = auto;
				SUPPORTED_PLATFORMS = "iphoneos iphonesimulator macosx xros xrsimulator";
				SWIFT_EMIT_LOC_STRINGS = YES;
				SWIFT_VERSION = 5.0;
				TARGETED_DEVICE_FAMILY = "1,2,7";
				XROS_DEPLOYMENT_TARGET = 2.2;
			};
			name = Release;
		};
		51DB020F2D8E98760013E76B /* Debug */ = {
			isa = XCBuildConfiguration;
			buildSettings = {
				BUNDLE_LOADER = "$(TEST_HOST)";
				CODE_SIGN_STYLE = Automatic;
				CURRENT_PROJECT_VERSION = 1;
				DEVELOPMENT_TEAM = Y3K5YN672B;
				GENERATE_INFOPLIST_FILE = YES;
				IPHONEOS_DEPLOYMENT_TARGET = 18.2;
				MACOSX_DEPLOYMENT_TARGET = 15.2;
				MARKETING_VERSION = 1.0;
				PRODUCT_BUNDLE_IDENTIFIER = "com.hyunah.-nd-hw-JooHyunahTests";
				PRODUCT_NAME = "$(TARGET_NAME)";
				SDKROOT = auto;
				SUPPORTED_PLATFORMS = "iphoneos iphonesimulator macosx xros xrsimulator";
				SWIFT_EMIT_LOC_STRINGS = NO;
				SWIFT_VERSION = 5.0;
				TARGETED_DEVICE_FAMILY = "1,2,7";
				TEST_HOST = "$(BUILT_PRODUCTS_DIR)/2nd_hw_JooHyunah.app/$(BUNDLE_EXECUTABLE_FOLDER_PATH)/2nd_hw_JooHyunah";
				XROS_DEPLOYMENT_TARGET = 2.2;
			};
			name = Debug;
		};
		51DB02102D8E98760013E76B /* Release */ = {
			isa = XCBuildConfiguration;
			buildSettings = {
				BUNDLE_LOADER = "$(TEST_HOST)";
				CODE_SIGN_STYLE = Automatic;
				CURRENT_PROJECT_VERSION = 1;
				DEVELOPMENT_TEAM = Y3K5YN672B;
				GENERATE_INFOPLIST_FILE = YES;
				IPHONEOS_DEPLOYMENT_TARGET = 18.2;
				MACOSX_DEPLOYMENT_TARGET = 15.2;
				MARKETING_VERSION = 1.0;
				PRODUCT_BUNDLE_IDENTIFIER = "com.hyunah.-nd-hw-JooHyunahTests";
				PRODUCT_NAME = "$(TARGET_NAME)";
				SDKROOT = auto;
				SUPPORTED_PLATFORMS = "iphoneos iphonesimulator macosx xros xrsimulator";
				SWIFT_EMIT_LOC_STRINGS = NO;
				SWIFT_VERSION = 5.0;
				TARGETED_DEVICE_FAMILY = "1,2,7";
				TEST_HOST = "$(BUILT_PRODUCTS_DIR)/2nd_hw_JooHyunah.app/$(BUNDLE_EXECUTABLE_FOLDER_PATH)/2nd_hw_JooHyunah";
				XROS_DEPLOYMENT_TARGET = 2.2;
			};
			name = Release;
		};
		51DB02122D8E98760013E76B /* Debug */ = {
			isa = XCBuildConfiguration;
			buildSettings = {
				CODE_SIGN_STYLE = Automatic;
				CURRENT_PROJECT_VERSION = 1;
				DEVELOPMENT_TEAM = Y3K5YN672B;
				GENERATE_INFOPLIST_FILE = YES;
				IPHONEOS_DEPLOYMENT_TARGET = 18.2;
				MACOSX_DEPLOYMENT_TARGET = 15.2;
				MARKETING_VERSION = 1.0;
				PRODUCT_BUNDLE_IDENTIFIER = "com.hyunah.-nd-hw-JooHyunahUITests";
				PRODUCT_NAME = "$(TARGET_NAME)";
				SDKROOT = auto;
				SUPPORTED_PLATFORMS = "iphoneos iphonesimulator macosx xros xrsimulator";
				SWIFT_EMIT_LOC_STRINGS = NO;
				SWIFT_VERSION = 5.0;
				TARGETED_DEVICE_FAMILY = "1,2,7";
				TEST_TARGET_NAME = 2nd_hw_JooHyunah;
				XROS_DEPLOYMENT_TARGET = 2.2;
			};
			name = Debug;
		};
		51DB02132D8E98760013E76B /* Release */ = {
			isa = XCBuildConfiguration;
			buildSettings = {
				CODE_SIGN_STYLE = Automatic;
				CURRENT_PROJECT_VERSION = 1;
				DEVELOPMENT_TEAM = Y3K5YN672B;
				GENERATE_INFOPLIST_FILE = YES;
				IPHONEOS_DEPLOYMENT_TARGET = 18.2;
				MACOSX_DEPLOYMENT_TARGET = 15.2;
				MARKETING_VERSION = 1.0;
				PRODUCT_BUNDLE_IDENTIFIER = "com.hyunah.-nd-hw-JooHyunahUITests";
				PRODUCT_NAME = "$(TARGET_NAME)";
				SDKROOT = auto;
				SUPPORTED_PLATFORMS = "iphoneos iphonesimulator macosx xros xrsimulator";
				SWIFT_EMIT_LOC_STRINGS = NO;
				SWIFT_VERSION = 5.0;
				TARGETED_DEVICE_FAMILY = "1,2,7";
				TEST_TARGET_NAME = 2nd_hw_JooHyunah;
				XROS_DEPLOYMENT_TARGET = 2.2;
			};
			name = Release;
		};
/* End XCBuildConfiguration section */

/* Begin XCConfigurationList section */
		51DB01E12D8E98730013E76B /* Build configuration list for PBXProject "2nd_hw_JooHyunah" */ = {
			isa = XCConfigurationList;
			buildConfigurations = (
				51DB02092D8E98760013E76B /* Debug */,
				51DB020A2D8E98760013E76B /* Release */,
			);
			defaultConfigurationIsVisible = 0;
			defaultConfigurationName = Release;
		};
		51DB020B2D8E98760013E76B /* Build configuration list for PBXNativeTarget "2nd_hw_JooHyunah" */ = {
			isa = XCConfigurationList;
			buildConfigurations = (
				51DB020C2D8E98760013E76B /* Debug */,
				51DB020D2D8E98760013E76B /* Release */,
			);
			defaultConfigurationIsVisible = 0;
			defaultConfigurationName = Release;
		};
		51DB020E2D8E98760013E76B /* Build configuration list for PBXNativeTarget "2nd_hw_JooHyunahTests" */ = {
			isa = XCConfigurationList;
			buildConfigurations = (
				51DB020F2D8E98760013E76B /* Debug */,
				51DB02102D8E98760013E76B /* Release */,
			);
			defaultConfigurationIsVisible = 0;
			defaultConfigurationName = Release;
		};
		51DB02112D8E98760013E76B /* Build configuration list for PBXNativeTarget "2nd_hw_JooHyunahUITests" */ = {
			isa = XCConfigurationList;
			buildConfigurations = (
				51DB02122D8E98760013E76B /* Debug */,
				51DB02132D8E98760013E76B /* Release */,
			);
			defaultConfigurationIsVisible = 0;
			defaultConfigurationName = Release;
		};
/* End XCConfigurationList section */
	};
	rootObject = 51DB01DE2D8E98730013E76B /* Project object */;
}
